
Microsoft Visual Studio Solution File, Format Version 12.00
# Visual Studio Version 16
VisualStudioVersion = 16.0.29418.71
MinimumVisualStudioVersion = 10.0.40219.1
Project("{FAE04EC0-301F-11D3-BF4B-00C04F79EFBC}") = "PlaySound", "PlaySound\PlaySound.csproj", "{C506B53A-AD0C-4902-B24D-A26E057E5C43}"
EndProject
Global
	GlobalSection(SolutionConfigurationPlatforms) = preSolution
		Debug|Any CPU = Debug|Any CPU
		Release|Any CPU = Release|Any CPU
	EndGlobalSection
	GlobalSection(ProjectConfigurationPlatforms) = postSolution
		{C506B53A-AD0C-4902-B24D-A26E057E5C43}.Debug|Any CPU.ActiveCfg = Debug|Any CPU
		{C506B53A-AD0C-4902-B24D-A26E057E5C43}.Debug|Any CPU.Build.0 = Debug|Any CPU
		{C506B53A-AD0C-4902-B24D-A26E057E5C43}.Release|Any CPU.ActiveCfg = Release|Any CPU
		{C506B53A-AD0C-4902-B24D-A26E057E5C43}.Release|Any CPU.Build.0 = Release|Any CPU
	EndGlobalSection
	GlobalSection(SolutionProperties) = preSolution
		HideSolutionNode = FALSE
	EndGlobalSection
	GlobalSection(ExtensibilityGlobals) = postSolution
		SolutionGuid = {686D640F-F864-4E05-B273-FAAEB70D4701}
	EndGlobalSection
EndGlobal
